
Microsoft Visual Studio Solution File, Format Version 12.00
# Visual Studio Version 17
VisualStudioVersion = 17.0.31815.197
MinimumVisualStudioVersion = 10.0.40219.1
Project("{FAE04EC0-301F-11D3-BF4B-00C04F79EFBC}") = "func-cs01", "func-cs01\func-cs01.csproj", "{46322B9C-E52B-4CF0-9C43-6D66819D2B4F}"
EndProject
Project("{FAE04EC0-301F-11D3-BF4B-00C04F79EFBC}") = "func-cs02", "func-cs02\func-cs02.csproj", "{872F1755-4B9D-43B8-8BDE-9A348B2B1AB3}"
EndProject
Global
	GlobalSection(SolutionConfigurationPlatforms) = preSolution
		Debug|Any CPU = Debug|Any CPU
		Release|Any CPU = Release|Any CPU
	EndGlobalSection
	GlobalSection(ProjectConfigurationPlatforms) = postSolution
		{46322B9C-E52B-4CF0-9C43-6D66819D2B4F}.Debug|Any CPU.ActiveCfg = Debug|Any CPU
		{46322B9C-E52B-4CF0-9C43-6D66819D2B4F}.Debug|Any CPU.Build.0 = Debug|Any CPU
		{46322B9C-E52B-4CF0-9C43-6D66819D2B4F}.Release|Any CPU.ActiveCfg = Release|Any CPU
		{46322B9C-E52B-4CF0-9C43-6D66819D2B4F}.Release|Any CPU.Build.0 = Release|Any CPU
		{872F1755-4B9D-43B8-8BDE-9A348B2B1AB3}.Debug|Any CPU.ActiveCfg = Debug|Any CPU
		{872F1755-4B9D-43B8-8BDE-9A348B2B1AB3}.Debug|Any CPU.Build.0 = Debug|Any CPU
		{872F1755-4B9D-43B8-8BDE-9A348B2B1AB3}.Release|Any CPU.ActiveCfg = Release|Any CPU
		{872F1755-4B9D-43B8-8BDE-9A348B2B1AB3}.Release|Any CPU.Build.0 = Release|Any CPU
	EndGlobalSection
	GlobalSection(SolutionProperties) = preSolution
		HideSolutionNode = FALSE
	EndGlobalSection
	GlobalSection(ExtensibilityGlobals) = postSolution
		SolutionGuid = {8323A30E-9978-4091-9361-841E183C5E02}
	EndGlobalSection
EndGlobal
